PODS:
  - AFNetworking (3.1.0):
    - AFNetworking/NSURLSession (= 3.1.0)
    - AFNetworking/Reachability (= 3.1.0)
    - AFNetworking/Security (= 3.1.0)
    - AFNetworking/Serialization (= 3.1.0)
    - AFNetworking/UIKit (= 3.1.0)
  - AFNetworking/NSURLSession (3.1.0):
    - AFNetworking/Reachability
    - AFNetworking/Security
    - AFNetworking/Serialization
  - AFNetworking/Reachability (3.1.0)
  - AFNetworking/Security (3.1.0)
  - AFNetworking/Serialization (3.1.0)
  - AFNetworking/UIKit (3.1.0):
    - AFNetworking/NSURLSession
  - SWTLibrary (0.1.0):
    - AFNetworking (~> 3.1.0)

DEPENDENCIES:
  - SWTLibrary (from `../`)

EXTERNAL SOURCES:
  SWTLibrary:
    :path: ../

SPEC CHECKSUMS:
  AFNetworking: 5e0e199f73d8626b11e79750991f5d173d1f8b67
  SWTLibrary: 29af267f36829d37b881ce5aac839f89d7c7cdfb

PODFILE CHECKSUM: bd48cd094b6d260510e8cbaac423720ee5b8ca90

COCOAPODS: 1.1.1
